
Microsoft Visual Studio Solution File, Format Version 12.00
# Visual Studio Version 17
VisualStudioVersion = 17.8.34511.84
MinimumVisualStudioVersion = 10.0.40219.1
Project("{9A19103F-16F7-4668-BE54-9A1E7A4F7556}") = "HackKU2024NourishNet", "HackKU2024NourishNet\HackKU2024NourishNet.csproj", "{56F9E08F-CF42-4BB7-986D-C385D3731A99}"
EndProject
Global
	GlobalSection(SolutionConfigurationPlatforms) = preSolution
		Debug|Any CPU = Debug|Any CPU
		Release|Any CPU = Release|Any CPU
	EndGlobalSection
	GlobalSection(ProjectConfigurationPlatforms) = postSolution
		{56F9E08F-CF42-4BB7-986D-C385D3731A99}.Debug|Any CPU.ActiveCfg = Debug|Any CPU
		{56F9E08F-CF42-4BB7-986D-C385D3731A99}.Debug|Any CPU.Build.0 = Debug|Any CPU
		{56F9E08F-CF42-4BB7-986D-C385D3731A99}.Release|Any CPU.ActiveCfg = Release|Any CPU
		{56F9E08F-CF42-4BB7-986D-C385D3731A99}.Release|Any CPU.Build.0 = Release|Any CPU
	EndGlobalSection
	GlobalSection(SolutionProperties) = preSolution
		HideSolutionNode = FALSE
	EndGlobalSection
	GlobalSection(ExtensibilityGlobals) = postSolution
		SolutionGuid = {8E292602-A50F-4206-A788-33851C8CA27A}
	EndGlobalSection
EndGlobal
